dependencies:
- name: common
  repository: oci://registry-1.docker.io/bitnamicharts
  version: 2.20.5
- name: postgresql
  repository: oci://registry-1.docker.io/bitnamicharts
  version: 15.5.17
- name: redis
  repository: oci://registry-1.docker.io/bitnamicharts
  version: 19.6.2
digest: sha256:491e5533e1a20e9276aa36d30b85e26f8884a3781219c23a5466b10cc34b26d5
generated: "2024-07-17T00:41:23.42401265Z"
