dependencies:
- name: common
  repository: oci://registry-1.docker.io/bitnamicharts
  version: 2.20.5
- name: postgresql
  repository: oci://registry-1.docker.io/bitnamicharts
  version: 15.5.17
- name: redis
  repository: oci://registry-1.docker.io/bitnamicharts
  version: 19.6.1
digest: sha256:1b3c59fb088e8c959c2482dec5cc42dd7ab0b2379ba072e911d0ca211d223153
generated: "2024-07-16T16:54:42.089605324Z"
