dependencies:
- name: common
  repository: oci://registry-1.docker.io/bitnamicharts
  version: 2.20.5
- name: postgresql
  repository: oci://registry-1.docker.io/bitnamicharts
  version: 15.5.16
- name: redis
  repository: oci://registry-1.docker.io/bitnamicharts
  version: 19.6.1
digest: sha256:81dba63dc4772a9310848bd05a7f22fdd8a83c1ccb02d5cf1339521b68d54132
generated: "2024-07-16T11:32:26.348544234Z"
